{
  "name": "mjs-test",
  "version": "1.0.0",
  "lockfileVersion": 3,
  "requires": true,
  "packages": {
    "": {
      "name": "mjs-test",
      "version": "1.0.0",
      "dependencies": {
        "sri-lib": "file:sri-lib"
      }
    },
    "node_modules/sri-lib": {
      "resolved": "sri-lib",
      "link": true
    },
    "sri-lib": {
      "version": "1.0.0",
      "license": "MIT"
    }
  }
}
